
Microsoft Visual Studio Solution File, Format Version 12.00
# Visual Studio Version 16
VisualStudioVersion = 16.0.32228.343
MinimumVisualStudioVersion = 10.0.40219.1
Project("{FAE04EC0-301F-11D3-BF4B-00C04F79EFBC}") = "WebProgramlama", "WebProgramlama\WebProgramlama.csproj", "{13C5F4BA-8D7D-4AC8-887C-34C658F81476}"
EndProject
Project("{FAE04EC0-301F-11D3-BF4B-00C04F79EFBC}") = "ClassLibrary1", "ClassLibrary1\ClassLibrary1.csproj", "{8697EC2E-DE3D-4EEE-AC05-86F513D07602}"
EndProject
Global
	GlobalSection(SolutionConfigurationPlatforms) = preSolution
		Debug|Any CPU = Debug|Any CPU
		Release|Any CPU = Release|Any CPU
	EndGlobalSection
	GlobalSection(ProjectConfigurationPlatforms) = postSolution
		{13C5F4BA-8D7D-4AC8-887C-34C658F81476}.Debug|Any CPU.ActiveCfg = Debug|Any CPU
		{13C5F4BA-8D7D-4AC8-887C-34C658F81476}.Debug|Any CPU.Build.0 = Debug|Any CPU
		{13C5F4BA-8D7D-4AC8-887C-34C658F81476}.Release|Any CPU.ActiveCfg = Release|Any CPU
		{13C5F4BA-8D7D-4AC8-887C-34C658F81476}.Release|Any CPU.Build.0 = Release|Any CPU
		{8697EC2E-DE3D-4EEE-AC05-86F513D07602}.Debug|Any CPU.ActiveCfg = Debug|Any CPU
		{8697EC2E-DE3D-4EEE-AC05-86F513D07602}.Debug|Any CPU.Build.0 = Debug|Any CPU
		{8697EC2E-DE3D-4EEE-AC05-86F513D07602}.Release|Any CPU.ActiveCfg = Release|Any CPU
		{8697EC2E-DE3D-4EEE-AC05-86F513D07602}.Release|Any CPU.Build.0 = Release|Any CPU
	EndGlobalSection
	GlobalSection(SolutionProperties) = preSolution
		HideSolutionNode = FALSE
	EndGlobalSection
	GlobalSection(ExtensibilityGlobals) = postSolution
		SolutionGuid = {D0D259E3-818A-485B-A4E0-C1AAFE1552DE}
	EndGlobalSection
EndGlobal
